
Microsoft Visual Studio Solution File, Format Version 12.00
# Visual Studio Version 16
VisualStudioVersion = 16.0.33423.256
MinimumVisualStudioVersion = 10.0.40219.1
Project("{FAE04EC0-301F-11D3-BF4B-00C04F79EFBC}") = "Application with classes", "Application with classes.csproj", "{E88765EF-F219-44B8-AA87-804FC436714F}"
EndProject
Global
	GlobalSection(SolutionConfigurationPlatforms) = preSolution
		Debug|Any CPU = Debug|Any CPU
		Release|Any CPU = Release|Any CPU
	EndGlobalSection
	GlobalSection(ProjectConfigurationPlatforms) = postSolution
		{E88765EF-F219-44B8-AA87-804FC436714F}.Debug|Any CPU.ActiveCfg = Debug|Any CPU
		{E88765EF-F219-44B8-AA87-804FC436714F}.Debug|Any CPU.Build.0 = Debug|Any CPU
		{E88765EF-F219-44B8-AA87-804FC436714F}.Release|Any CPU.ActiveCfg = Release|Any CPU
		{E88765EF-F219-44B8-AA87-804FC436714F}.Release|Any CPU.Build.0 = Release|Any CPU
	EndGlobalSection
	GlobalSection(SolutionProperties) = preSolution
		HideSolutionNode = FALSE
	EndGlobalSection
	GlobalSection(ExtensibilityGlobals) = postSolution
		SolutionGuid = {A2B60B38-2B47-4CB4-BECE-CD086DC12616}
	EndGlobalSection
EndGlobal
